
Microsoft Visual Studio Solution File, Format Version 12.00
# Visual Studio Version 16
VisualStudioVersion = 16.0.29123.88
MinimumVisualStudioVersion = 10.0.40219.1
Project("{FAE04EC0-301F-11D3-BF4B-00C04F79EFBC}") = "Domain", "Domain\Domain.csproj", "{E80914F4-9CE9-4C95-AA38-E8755F31D055}"
EndProject
Project("{FAE04EC0-301F-11D3-BF4B-00C04F79EFBC}") = "Repository", "Repository\Repository.csproj", "{99DE3076-170E-4D20-9DE3-85D04D5AD64D}"
EndProject
Global
	GlobalSection(SolutionConfigurationPlatforms) = preSolution
		Debug|Any CPU = Debug|Any CPU
		Release|Any CPU = Release|Any CPU
	EndGlobalSection
	GlobalSection(ProjectConfigurationPlatforms) = postSolution
		{E80914F4-9CE9-4C95-AA38-E8755F31D055}.Debug|Any CPU.ActiveCfg = Debug|Any CPU
		{E80914F4-9CE9-4C95-AA38-E8755F31D055}.Debug|Any CPU.Build.0 = Debug|Any CPU
		{E80914F4-9CE9-4C95-AA38-E8755F31D055}.Release|Any CPU.ActiveCfg = Release|Any CPU
		{E80914F4-9CE9-4C95-AA38-E8755F31D055}.Release|Any CPU.Build.0 = Release|Any CPU
		{99DE3076-170E-4D20-9DE3-85D04D5AD64D}.Debug|Any CPU.ActiveCfg = Debug|Any CPU
		{99DE3076-170E-4D20-9DE3-85D04D5AD64D}.Debug|Any CPU.Build.0 = Debug|Any CPU
		{99DE3076-170E-4D20-9DE3-85D04D5AD64D}.Release|Any CPU.ActiveCfg = Release|Any CPU
		{99DE3076-170E-4D20-9DE3-85D04D5AD64D}.Release|Any CPU.Build.0 = Release|Any CPU
	EndGlobalSection
	GlobalSection(SolutionProperties) = preSolution
		HideSolutionNode = FALSE
	EndGlobalSection
	GlobalSection(ExtensibilityGlobals) = postSolution
		SolutionGuid = {3D05D09B-C14A-48FE-807E-747CD0C0C45B}
	EndGlobalSection
EndGlobal
